
Microsoft Visual Studio Solution File, Format Version 12.00
# Visual Studio 15
VisualStudioVersion = 15.0.27428.2011
MinimumVisualStudioVersion = 10.0.40219.1
Project("{FAE04EC0-301F-11D3-BF4B-00C04F79EFBC}") = "GRYLibrary", "GRYLibrary\GRYLibrary.csproj", "{CE222290-9685-4147-A0C5-674DF152C2ED}"
EndProject
Project("{FAE04EC0-301F-11D3-BF4B-00C04F79EFBC}") = "GRYLibraryTest", "GRYLibraryTest\GRYLibraryTest.csproj", "{7FC9D39E-C98E-415C-86FB-C571836CE1A2}"
EndProject
Global
	GlobalSection(SolutionConfigurationPlatforms) = preSolution
		Debug|Any CPU = Debug|Any CPU
		Release|Any CPU = Release|Any CPU
	EndGlobalSection
	GlobalSection(ProjectConfigurationPlatforms) = postSolution
		{CE222290-9685-4147-A0C5-674DF152C2ED}.Debug|Any CPU.ActiveCfg = Debug|Any CPU
		{CE222290-9685-4147-A0C5-674DF152C2ED}.Debug|Any CPU.Build.0 = Debug|Any CPU
		{CE222290-9685-4147-A0C5-674DF152C2ED}.Release|Any CPU.ActiveCfg = Release|Any CPU
		{CE222290-9685-4147-A0C5-674DF152C2ED}.Release|Any CPU.Build.0 = Release|Any CPU
		{7FC9D39E-C98E-415C-86FB-C571836CE1A2}.Debug|Any CPU.ActiveCfg = Debug|Any CPU
		{7FC9D39E-C98E-415C-86FB-C571836CE1A2}.Debug|Any CPU.Build.0 = Debug|Any CPU
		{7FC9D39E-C98E-415C-86FB-C571836CE1A2}.Release|Any CPU.ActiveCfg = Release|Any CPU
		{7FC9D39E-C98E-415C-86FB-C571836CE1A2}.Release|Any CPU.Build.0 = Release|Any CPU
	EndGlobalSection
	GlobalSection(SolutionProperties) = preSolution
		HideSolutionNode = FALSE
	EndGlobalSection
	GlobalSection(ExtensibilityGlobals) = postSolution
		SolutionGuid = {55438443-5BB8-4C30-9573-BDCC29DC5065}
	EndGlobalSection
EndGlobal
