
Microsoft Visual Studio Solution File, Format Version 12.00
# Visual Studio Version 16
VisualStudioVersion = 16.0.29509.3
MinimumVisualStudioVersion = 10.0.40219.1
Project("{FAE04EC0-301F-11D3-BF4B-00C04F79EFBC}") = "GRYLibrary", "GRYLibrary\GRYLibrary.csproj", "{93EEC73A-38D2-4AD1-A39C-3A59AB47DBE7}"
EndProject
Project("{FAE04EC0-301F-11D3-BF4B-00C04F79EFBC}") = "GRYLibraryTests", "GRYLibraryTests\GRYLibraryTests.csproj", "{B443FF2D-3AEA-4C67-BBBF-331F28221E29}"
EndProject
Global
	GlobalSection(SolutionConfigurationPlatforms) = preSolution
		Debug|Any CPU = Debug|Any CPU
		Release|Any CPU = Release|Any CPU
	EndGlobalSection
	GlobalSection(ProjectConfigurationPlatforms) = postSolution
		{93EEC73A-38D2-4AD1-A39C-3A59AB47DBE7}.Debug|Any CPU.ActiveCfg = Debug|Any CPU
		{93EEC73A-38D2-4AD1-A39C-3A59AB47DBE7}.Debug|Any CPU.Build.0 = Debug|Any CPU
		{93EEC73A-38D2-4AD1-A39C-3A59AB47DBE7}.Release|Any CPU.ActiveCfg = Release|Any CPU
		{93EEC73A-38D2-4AD1-A39C-3A59AB47DBE7}.Release|Any CPU.Build.0 = Release|Any CPU
		{B443FF2D-3AEA-4C67-BBBF-331F28221E29}.Debug|Any CPU.ActiveCfg = Debug|Any CPU
		{B443FF2D-3AEA-4C67-BBBF-331F28221E29}.Debug|Any CPU.Build.0 = Debug|Any CPU
		{B443FF2D-3AEA-4C67-BBBF-331F28221E29}.Release|Any CPU.ActiveCfg = Release|Any CPU
		{B443FF2D-3AEA-4C67-BBBF-331F28221E29}.Release|Any CPU.Build.0 = Release|Any CPU
	EndGlobalSection
	GlobalSection(SolutionProperties) = preSolution
		HideSolutionNode = FALSE
	EndGlobalSection
	GlobalSection(ExtensibilityGlobals) = postSolution
		SolutionGuid = {75F78D6C-10C0-4EE3-921C-243E6F043049}
	EndGlobalSection
EndGlobal
