
Microsoft Visual Studio Solution File, Format Version 12.00
# Visual Studio Version 16
VisualStudioVersion = 16.0.30717.126
MinimumVisualStudioVersion = 10.0.40219.1
Project("{9A19103F-16F7-4668-BE54-9A1E7A4F7556}") = "GRYLibrary", "GRYLibrary\GRYLibrary.csproj", "{2376C925-4667-4565-85D6-ED64C2C3C78D}"
EndProject
Project("{9A19103F-16F7-4668-BE54-9A1E7A4F7556}") = "GRYLibraryTests", "GRYLibraryTests\GRYLibraryTests.csproj", "{46F9F1F0-E41B-4C0F-BFDE-74DFE31EEA21}"
	ProjectSection(ProjectDependencies) = postProject
		{2376C925-4667-4565-85D6-ED64C2C3C78D} = {2376C925-4667-4565-85D6-ED64C2C3C78D}
	EndProjectSection
EndProject
Project("{FAE04EC0-301F-11D3-BF4B-00C04F79EFBC}") = "WebApplication1", "WebApplication1\WebApplication1.csproj", "{6CD86B70-5923-42A4-90EA-830ABA2C75C1}"
EndProject
Global
	GlobalSection(SolutionConfigurationPlatforms) = preSolution
		Debug|Any CPU = Debug|Any CPU
		Development|Any CPU = Development|Any CPU
		Productive|Any CPU = Productive|Any CPU
		QualityCheck|Any CPU = QualityCheck|Any CPU
		Release|Any CPU = Release|Any CPU
	EndGlobalSection
	GlobalSection(ProjectConfigurationPlatforms) = postSolution
		{2376C925-4667-4565-85D6-ED64C2C3C78D}.Debug|Any CPU.ActiveCfg = Development|Any CPU
		{2376C925-4667-4565-85D6-ED64C2C3C78D}.Debug|Any CPU.Build.0 = Development|Any CPU
		{2376C925-4667-4565-85D6-ED64C2C3C78D}.Development|Any CPU.ActiveCfg = Development|Any CPU
		{2376C925-4667-4565-85D6-ED64C2C3C78D}.Development|Any CPU.Build.0 = Development|Any CPU
		{2376C925-4667-4565-85D6-ED64C2C3C78D}.Productive|Any CPU.ActiveCfg = Productive|Any CPU
		{2376C925-4667-4565-85D6-ED64C2C3C78D}.Productive|Any CPU.Build.0 = Productive|Any CPU
		{2376C925-4667-4565-85D6-ED64C2C3C78D}.QualityCheck|Any CPU.ActiveCfg = QualityCheck|Any CPU
		{2376C925-4667-4565-85D6-ED64C2C3C78D}.QualityCheck|Any CPU.Build.0 = QualityCheck|Any CPU
		{2376C925-4667-4565-85D6-ED64C2C3C78D}.Release|Any CPU.ActiveCfg = QualityCheck|Any CPU
		{2376C925-4667-4565-85D6-ED64C2C3C78D}.Release|Any CPU.Build.0 = QualityCheck|Any CPU
		{46F9F1F0-E41B-4C0F-BFDE-74DFE31EEA21}.Debug|Any CPU.ActiveCfg = Development|Any CPU
		{46F9F1F0-E41B-4C0F-BFDE-74DFE31EEA21}.Debug|Any CPU.Build.0 = Development|Any CPU
		{46F9F1F0-E41B-4C0F-BFDE-74DFE31EEA21}.Development|Any CPU.ActiveCfg = Development|Any CPU
		{46F9F1F0-E41B-4C0F-BFDE-74DFE31EEA21}.Development|Any CPU.Build.0 = Development|Any CPU
		{46F9F1F0-E41B-4C0F-BFDE-74DFE31EEA21}.Productive|Any CPU.ActiveCfg = Productive|Any CPU
		{46F9F1F0-E41B-4C0F-BFDE-74DFE31EEA21}.QualityCheck|Any CPU.ActiveCfg = QualityCheck|Any CPU
		{46F9F1F0-E41B-4C0F-BFDE-74DFE31EEA21}.QualityCheck|Any CPU.Build.0 = QualityCheck|Any CPU
		{46F9F1F0-E41B-4C0F-BFDE-74DFE31EEA21}.Release|Any CPU.ActiveCfg = QualityCheck|Any CPU
		{46F9F1F0-E41B-4C0F-BFDE-74DFE31EEA21}.Release|Any CPU.Build.0 = QualityCheck|Any CPU
		{6CD86B70-5923-42A4-90EA-830ABA2C75C1}.Debug|Any CPU.ActiveCfg = Debug|Any CPU
		{6CD86B70-5923-42A4-90EA-830ABA2C75C1}.Debug|Any CPU.Build.0 = Debug|Any CPU
		{6CD86B70-5923-42A4-90EA-830ABA2C75C1}.Development|Any CPU.ActiveCfg = Debug|Any CPU
		{6CD86B70-5923-42A4-90EA-830ABA2C75C1}.Development|Any CPU.Build.0 = Debug|Any CPU
		{6CD86B70-5923-42A4-90EA-830ABA2C75C1}.Productive|Any CPU.ActiveCfg = Debug|Any CPU
		{6CD86B70-5923-42A4-90EA-830ABA2C75C1}.Productive|Any CPU.Build.0 = Debug|Any CPU
		{6CD86B70-5923-42A4-90EA-830ABA2C75C1}.QualityCheck|Any CPU.ActiveCfg = Debug|Any CPU
		{6CD86B70-5923-42A4-90EA-830ABA2C75C1}.QualityCheck|Any CPU.Build.0 = Debug|Any CPU
		{6CD86B70-5923-42A4-90EA-830ABA2C75C1}.Release|Any CPU.ActiveCfg = Release|Any CPU
		{6CD86B70-5923-42A4-90EA-830ABA2C75C1}.Release|Any CPU.Build.0 = Release|Any CPU
	EndGlobalSection
	GlobalSection(SolutionProperties) = preSolution
		HideSolutionNode = FALSE
	EndGlobalSection
	GlobalSection(ExtensibilityGlobals) = postSolution
		SolutionGuid = {1A8871B8-C049-4353-8665-CDAB522E30D8}
	EndGlobalSection
EndGlobal
