
Microsoft Visual Studio Solution File, Format Version 12.00
# Visual Studio Version 17
VisualStudioVersion = 17.14.36518.9
MinimumVisualStudioVersion = 10.0.40219.1
Project("{FAE04EC0-301F-11D3-BF4B-00C04F79EFBC}") = "GRYLibrary", "GRYLibrary\GRYLibrary.csproj", "{A03AF70F-7225-9536-A9EC-78BF7D0D0372}"
EndProject
Project("{FAE04EC0-301F-11D3-BF4B-00C04F79EFBC}") = "GRYLibraryTests", "GRYLibraryTests\GRYLibraryTests.csproj", "{D394A017-C166-A237-30B2-5B3DB60B1925}"
EndProject
Global
	GlobalSection(SolutionConfigurationPlatforms) = preSolution
		Development|Any CPU = Development|Any CPU
		Productive|Any CPU = Productive|Any CPU
		QualityCheck|Any CPU = QualityCheck|Any CPU
	EndGlobalSection
	GlobalSection(ProjectConfigurationPlatforms) = postSolution
		{A03AF70F-7225-9536-A9EC-78BF7D0D0372}.Development|Any CPU.ActiveCfg = Development|Any CPU
		{A03AF70F-7225-9536-A9EC-78BF7D0D0372}.Development|Any CPU.Build.0 = Development|Any CPU
		{A03AF70F-7225-9536-A9EC-78BF7D0D0372}.Productive|Any CPU.ActiveCfg = Productive|Any CPU
		{A03AF70F-7225-9536-A9EC-78BF7D0D0372}.Productive|Any CPU.Build.0 = Productive|Any CPU
		{A03AF70F-7225-9536-A9EC-78BF7D0D0372}.QualityCheck|Any CPU.ActiveCfg = QualityCheck|Any CPU
		{A03AF70F-7225-9536-A9EC-78BF7D0D0372}.QualityCheck|Any CPU.Build.0 = QualityCheck|Any CPU
		{D394A017-C166-A237-30B2-5B3DB60B1925}.Development|Any CPU.ActiveCfg = Development|Any CPU
		{D394A017-C166-A237-30B2-5B3DB60B1925}.Development|Any CPU.Build.0 = Development|Any CPU
		{D394A017-C166-A237-30B2-5B3DB60B1925}.Productive|Any CPU.ActiveCfg = Productive|Any CPU
		{D394A017-C166-A237-30B2-5B3DB60B1925}.Productive|Any CPU.Build.0 = Productive|Any CPU
		{D394A017-C166-A237-30B2-5B3DB60B1925}.QualityCheck|Any CPU.ActiveCfg = QualityCheck|Any CPU
		{D394A017-C166-A237-30B2-5B3DB60B1925}.QualityCheck|Any CPU.Build.0 = QualityCheck|Any CPU
	EndGlobalSection
	GlobalSection(SolutionProperties) = preSolution
		HideSolutionNode = FALSE
	EndGlobalSection
	GlobalSection(ExtensibilityGlobals) = postSolution
		SolutionGuid = {DE4EF2EF-8D7C-4A3D-9CF5-7C753EE648DF}
	EndGlobalSection
EndGlobal
